// !$*UTF8*$!
{
	archiveVersion = 1;
	classes = {
	};
	objectVersion = 56;
	objects = {

/* Begin PBXBuildFile section */
		7056D6D32F4E084E00D54065 /* AppDelegate.swift in Sources */ = {isa = PBXBuildFile; fileRef = 7056D6D22F4E084E00D54065 /* AppDelegate.swift */; };
		7056D6D52F4E084E00D54065 /* SceneDelegate.swift in Sources */ = {isa = PBXBuildFile; fileRef = 7056D6D42F4E084E00D54065 /* SceneDelegate.swift */; };
		7056D6D72F4E084E00D54065 /* ViewController.swift in Sources */ = {isa = PBXBuildFile; fileRef = 7056D6D62F4E084E00D54065 /* ViewController.swift */; };
		7056D6DA2F4E084E00D54065 /* Main.storyboard in Resources */ = {isa = PBXBuildFile; fileRef = 7056D6D82F4E084E00D54065 /* Main.storyboard */; };
		7056D6DC2F4E085100D54065 /* Assets.xcassets in Resources */ = {isa = PBXBuildFile; fileRef = 7056D6DB2F4E085100D54065 /* Assets.xcassets */; };
		7056D6DF2F4E085100D54065 /* LaunchScreen.storyboard in Resources */ = {isa = PBXBuildFile; fileRef = 7056D6DD2F4E085100D54065 /* LaunchScreen.storyboard */; };
		7056D6EA2F4E085200D54065 /* SparkTests.swift in Sources */ = {isa = PBXBuildFile; fileRef = 7056D6E92F4E085200D54065 /* SparkTests.swift */; };
		7056D6F42F4E085200D54065 /* SparkUITests.swift in Sources */ = {isa = PBXBuildFile; fileRef = 7056D6F32F4E085200D54065 /* SparkUITests.swift */; };
		7056D6F62F4E085200D54065 /* SparkUITestsLaunchTests.swift in Sources */ = {isa = PBXBuildFile; fileRef = 7056D6F52F4E085200D54065 /* SparkUITestsLaunchTests.swift */; };
/* End PBXBuildFile section */

/* Begin PBXContainerItemProxy section */
		7056D6E62F4E085200D54065 /* PBXContainerItemProxy */ = {
			isa = PBXContainerItemProxy;
			containerPortal = 7056D6C72F4E084E00D54065 /* Project object */;
			proxyType = 1;
			remoteGlobalIDString = 7056D6CE2F4E084E00D54065;
			remoteInfo = Spark;
		};
		7056D6F02F4E085200D54065 /* PBXContainerItemProxy */ = {
			isa = PBXContainerItemProxy;
			containerPortal = 7056D6C72F4E084E00D54065 /* Project object */;
			proxyType = 1;
			remoteGlobalIDString = 7056D6CE2F4E084E00D54065;
			remoteInfo = Spark;
		};
/* End PBXContainerItemProxy section */

/* Begin PBXFileReference section */
		7056D6CF2F4E084E00D54065 /* Spark.app */ = {isa = PBXFileReference; explicitFileType = wrapper.application; includeInIndex = 0; path = Spark.app; sourceTree = BUILT_PRODUCTS_DIR; };
		7056D6D22F4E084E00D54065 /* AppDelegate.swift */ = {isa = PBXFileReference; lastKnownFileType = sourcecode.swift; path = AppDelegate.swift; sourceTree = "<group>"; };
		7056D6D42F4E084E00D54065 /* SceneDelegate.swift */ = {isa = PBXFileReference; lastKnownFileType = sourcecode.swift; path = SceneDelegate.swift; sourceTree = "<group>"; };
		7056D6D62F4E084E00D54065 /* ViewController.swift */ = {isa = PBXFileReference; lastKnownFileType = sourcecode.swift; path = ViewController.swift; sourceTree = "<group>"; };
		7056D6D92F4E084E00D54065 /* Base */ = {isa = PBXFileReference; lastKnownFileType = file.storyboard; name = Base; path = Base.lproj/Main.storyboard; sourceTree = "<group>"; };
		7056D6DB2F4E085100D54065 /* Assets.xcassets */ = {isa = PBXFileReference; lastKnownFileType = folder.assetcatalog; path = Assets.xcassets; sourceTree = "<group>"; };
		7056D6DE2F4E085100D54065 /* Base */ = {isa = PBXFileReference; lastKnownFileType = file.storyboard; name = Base; path = Base.lproj/LaunchScreen.storyboard; sourceTree = "<group>"; };
		7056D6E02F4E085100D54065 /* Info.plist */ = {isa = PBXFileReference; lastKnownFileType = text.plist.xml; path = Info.plist; sourceTree = "<group>"; };
		7056D6E52F4E085200D54065 /* SparkTests.xctest */ = {isa = PBXFileReference; explicitFileType = wrapper.cfbundle; includeInIndex = 0; path = SparkTests.xctest; sourceTree = BUILT_PRODUCTS_DIR; };
		7056D6E92F4E085200D54065 /* SparkTests.swift */ = {isa = PBXFileReference; lastKnownFileType = sourcecode.swift; path = SparkTests.swift; sourceTree = "<group>"; };
		7056D6EF2F4E085200D54065 /* SparkUITests.xctest */ = {isa = PBXFileReference; explicitFileType = wrapper.cfbundle; includeInIndex = 0; path = SparkUITests.xctest; sourceTree = BUILT_PRODUCTS_DIR; };
		7056D6F32F4E085200D54065 /* SparkUITests.swift */ = {isa = PBXFileReference; lastKnownFileType = sourcecode.swift; path = SparkUITests.swift; sourceTree = "<group>"; };
		7056D6F52F4E085200D54065 /* SparkUITestsLaunchTests.swift */ = {isa = PBXFileReference; lastKnownFileType = sourcecode.swift; path = SparkUITestsLaunchTests.swift; sourceTree = "<group>"; };
/* End PBXFileReference section */

/* Begin PBXFrameworksBuildPhase section */
		7056D6CC2F4E084E00D54065 /* Frameworks */ = {
			isa = PBXFrameworksBuildPhase;
			buildActionMask = 2147483647;
			files = (
			);
			runOnlyForDeploymentPostprocessing = 0;
		};
		7056D6E22F4E085200D54065 /* Frameworks */ = {
			isa = PBXFrameworksBuildPhase;
			buildActionMask = 2147483647;
			files = (
			);
			runOnlyForDeploymentPostprocessing = 0;
		};
		7056D6EC2F4E085200D54065 /* Frameworks */ = {
			isa = PBXFrameworksBuildPhase;
			buildActionMask = 2147483647;
			files = (
			);
			runOnlyForDeploymentPostprocessing = 0;
		};
/* End PBXFrameworksBuildPhase section */

/* Begin PBXGroup section */
		7056D6C62F4E084E00D54065 = {
			isa = PBXGroup;
			children = (
				7056D6D12F4E084E00D54065 /* Spark */,
				7056D6E82F4E085200D54065 /* SparkTests */,
				7056D6F22F4E085200D54065 /* SparkUITests */,
				7056D6D02F4E084E00D54065 /* Products */,
			);
			sourceTree = "<group>";
		};
		7056D6D02F4E084E00D54065 /* Products */ = {
			isa = PBXGroup;
			children = (
				7056D6CF2F4E084E00D54065 /* Spark.app */,
				7056D6E52F4E085200D54065 /* SparkTests.xctest */,
				7056D6EF2F4E085200D54065 /* SparkUITests.xctest */,
			);
			name = Products;
			sourceTree = "<group>";
		};
		7056D6D12F4E084E00D54065 /* Spark */ = {
			isa = PBXGroup;
			children = (
				7056D6D22F4E084E00D54065 /* AppDelegate.swift */,
				7056D6D42F4E084E00D54065 /* SceneDelegate.swift */,
				7056D6D62F4E084E00D54065 /* ViewController.swift */,
				7056D6D82F4E084E00D54065 /* Main.storyboard */,
				7056D6DB2F4E085100D54065 /* Assets.xcassets */,
				7056D6DD2F4E085100D54065 /* LaunchScreen.storyboard */,
				7056D6E02F4E085100D54065 /* Info.plist */,
			);
			path = Spark;
			sourceTree = "<group>";
		};
		7056D6E82F4E085200D54065 /* SparkTests */ = {
			isa = PBXGroup;
			children = (
				7056D6E92F4E085200D54065 /* SparkTests.swift */,
			);
			path = SparkTests;
			sourceTree = "<group>";
		};
		7056D6F22F4E085200D54065 /* SparkUITests */ = {
			isa = PBXGroup;
			children = (
				7056D6F32F4E085200D54065 /* SparkUITests.swift */,
				7056D6F52F4E085200D54065 /* SparkUITestsLaunchTests.swift */,
			);
			path = SparkUITests;
			sourceTree = "<group>";
		};
/* End PBXGroup section */

/* Begin PBXNativeTarget section */
		7056D6CE2F4E084E00D54065 /* Spark */ = {
			isa = PBXNativeTarget;
			buildConfigurationList = 7056D6F92F4E085200D54065 /* Build configuration list for PBXNativeTarget "Spark" */;
			buildPhases = (
				7056D6CB2F4E084E00D54065 /* Sources */,
				7056D6CC2F4E084E00D54065 /* Frameworks */,
				7056D6CD2F4E084E00D54065 /* Resources */,
			);
			buildRules = (
			);
			dependencies = (
			);
			name = Spark;
			productName = Spark;
			productReference = 7056D6CF2F4E084E00D54065 /* Spark.app */;
			productType = "com.apple.product-type.application";
		};
		7056D6E42F4E085200D54065 /* SparkTests */ = {
			isa = PBXNativeTarget;
			buildConfigurationList = 7056D6FC2F4E085200D54065 /* Build configuration list for PBXNativeTarget "SparkTests" */;
			buildPhases = (
				7056D6E12F4E085200D54065 /* Sources */,
				7056D6E22F4E085200D54065 /* Frameworks */,
				7056D6E32F4E085200D54065 /* Resources */,
			);
			buildRules = (
			);
			dependencies = (
				7056D6E72F4E085200D54065 /* PBXTargetDependency */,
			);
			name = SparkTests;
			productName = SparkTests;
			productReference = 7056D6E52F4E085200D54065 /* SparkTests.xctest */;
			productType = "com.apple.product-type.bundle.unit-test";
		};
		7056D6EE2F4E085200D54065 /* SparkUITests */ = {
			isa = PBXNativeTarget;
			buildConfigurationList = 7056D6FF2F4E085200D54065 /* Build configuration list for PBXNativeTarget "SparkUITests" */;
			buildPhases = (
				7056D6EB2F4E085200D54065 /* Sources */,
				7056D6EC2F4E085200D54065 /* Frameworks */,
				7056D6ED2F4E085200D54065 /* Resources */,
			);
			buildRules = (
			);
			dependencies = (
				7056D6F12F4E085200D54065 /* PBXTargetDependency */,
			);
			name = SparkUITests;
			productName = SparkUITests;
			productReference = 7056D6EF2F4E085200D54065 /* SparkUITests.xctest */;
			productType = "com.apple.product-type.bundle.ui-testing";
		};
/* End PBXNativeTarget section */

/* Begin PBXProject section */
		7056D6C72F4E084E00D54065 /* Project object */ = {
			isa = PBXProject;
			attributes = {
				BuildIndependentTargetsInParallel = 1;
				LastSwiftUpdateCheck = 1420;
				LastUpgradeCheck = 1420;
				TargetAttributes = {
					7056D6CE2F4E084E00D54065 = {
						CreatedOnToolsVersion = 14.2;
					};
					7056D6E42F4E085200D54065 = {
						CreatedOnToolsVersion = 14.2;
						TestTargetID = 7056D6CE2F4E084E00D54065;
					};
					7056D6EE2F4E085200D54065 = {
						CreatedOnToolsVersion = 14.2;
						TestTargetID = 7056D6CE2F4E084E00D54065;
					};
				};
			};
			buildConfigurationList = 7056D6CA2F4E084E00D54065 /* Build configuration list for PBXProject "Spark" */;
			compatibilityVersion = "Xcode 14.0";
			developmentRegion = en;
			hasScannedForEncodings = 0;
			knownRegions = (
				en,
				Base,
			);
			mainGroup = 7056D6C62F4E084E00D54065;
			productRefGroup = 7056D6D02F4E084E00D54065 /* Products */;
			projectDirPath = "";
			projectRoot = "";
			targets = (
				7056D6CE2F4E084E00D54065 /* Spark */,
				7056D6E42F4E085200D54065 /* SparkTests */,
				7056D6EE2F4E085200D54065 /* SparkUITests */,
			);
		};
/* End PBXProject section */

/* Begin PBXResourcesBuildPhase section */
		7056D6CD2F4E084E00D54065 /* Resources */ = {
			isa = PBXResourcesBuildPhase;
			buildActionMask = 2147483647;
			files = (
				7056D6DF2F4E085100D54065 /* LaunchScreen.storyboard in Resources */,
				7056D6DC2F4E085100D54065 /* Assets.xcassets in Resources */,
				7056D6DA2F4E084E00D54065 /* Main.storyboard in Resources */,
			);
			runOnlyForDeploymentPostprocessing = 0;
		};
		7056D6E32F4E085200D54065 /* Resources */ = {
			isa = PBXResourcesBuildPhase;
			buildActionMask = 2147483647;
			files = (
			);
			runOnlyForDeploymentPostprocessing = 0;
		};
		7056D6ED2F4E085200D54065 /* Resources */ = {
			isa = PBXResourcesBuildPhase;
			buildActionMask = 2147483647;
			files = (
			);
			runOnlyForDeploymentPostprocessing = 0;
		};
/* End PBXResourcesBuildPhase section */

/* Begin PBXSourcesBuildPhase section */
		7056D6CB2F4E084E00D54065 /* Sources */ = {
			isa = PBXSourcesBuildPhase;
			buildActionMask = 2147483647;
			files = (
				7056D6D72F4E084E00D54065 /* ViewController.swift in Sources */,
				7056D6D32F4E084E00D54065 /* AppDelegate.swift in Sources */,
				7056D6D52F4E084E00D54065 /* SceneDelegate.swift in Sources */,
			);
			runOnlyForDeploymentPostprocessing = 0;
		};
		7056D6E12F4E085200D54065 /* Sources */ = {
			isa = PBXSourcesBuildPhase;
			buildActionMask = 2147483647;
			files = (
				7056D6EA2F4E085200D54065 /* SparkTests.swift in Sources */,
			);
			runOnlyForDeploymentPostprocessing = 0;
		};
		7056D6EB2F4E085200D54065 /* Sources */ = {
			isa = PBXSourcesBuildPhase;
			buildActionMask = 2147483647;
			files = (
				7056D6F62F4E085200D54065 /* SparkUITestsLaunchTests.swift in Sources */,
				7056D6F42F4E085200D54065 /* SparkUITests.swift in Sources */,
			);
			runOnlyForDeploymentPostprocessing = 0;
		};
/* End PBXSourcesBuildPhase section */

/* Begin PBXTargetDependency section */
		7056D6E72F4E085200D54065 /* PBXTargetDependency */ = {
			isa = PBXTargetDependency;
			target = 7056D6CE2F4E084E00D54065 /* Spark */;
			targetProxy = 7056D6E62F4E085200D54065 /* PBXContainerItemProxy */;
		};
		7056D6F12F4E085200D54065 /* PBXTargetDependency */ = {
			isa = PBXTargetDependency;
			target = 7056D6CE2F4E084E00D54065 /* Spark */;
			targetProxy = 7056D6F02F4E085200D54065 /* PBXContainerItemProxy */;
		};
/* End PBXTargetDependency section */

/* Begin PBXVariantGroup section */
		7056D6D82F4E084E00D54065 /* Main.storyboard */ = {
			isa = PBXVariantGroup;
			children = (
				7056D6D92F4E084E00D54065 /* Base */,
			);
			name = Main.storyboard;
			sourceTree = "<group>";
		};
		7056D6DD2F4E085100D54065 /* LaunchScreen.storyboard */ = {
			isa = PBXVariantGroup;
			children = (
				7056D6DE2F4E085100D54065 /* Base */,
			);
			name = LaunchScreen.storyboard;
			sourceTree = "<group>";
		};
/* End PBXVariantGroup section */

/* Begin XCBuildConfiguration section */
		7056D6F72F4E085200D54065 /* Debug */ = {
			isa = XCBuildConfiguration;
			buildSettings = {
				ALWAYS_SEARCH_USER_PATHS = NO;
				CLANG_ANALYZER_NONNULL = YES;
				CLANG_ANALYZER_NUMBER_OBJECT_CONVERSION = YES_AGGRESSIVE;
				CLANG_CXX_LANGUAGE_STANDARD = "gnu++20";
				CLANG_ENABLE_MODULES = YES;
				CLANG_ENABLE_OBJC_ARC = YES;
				CLANG_ENABLE_OBJC_WEAK = YES;
				CLANG_WARN_BLOCK_CAPTURE_AUTORELEASING = YES;
				CLANG_WARN_BOOL_CONVERSION = YES;
				CLANG_WARN_COMMA = YES;
				CLANG_WARN_CONSTANT_CONVERSION = YES;
				CLANG_WARN_DEPRECATED_OBJC_IMPLEMENTATIONS = YES;
				CLANG_WARN_DIRECT_OBJC_ISA_USAGE = YES_ERROR;
				CLANG_WARN_DOCUMENTATION_COMMENTS = YES;
				CLANG_WARN_EMPTY_BODY = YES;
				CLANG_WARN_ENUM_CONVERSION = YES;
				CLANG_WARN_INFINITE_RECURSION = YES;
				CLANG_WARN_INT_CONVERSION = YES;
				CLANG_WARN_NON_LITERAL_NULL_CONVERSION = YES;
				CLANG_WARN_OBJC_IMPLICIT_RETAIN_SELF = YES;
				CLANG_WARN_OBJC_LITERAL_CONVERSION = YES;
				CLANG_WARN_OBJC_ROOT_CLASS = YES_ERROR;
				CLANG_WARN_QUOTED_INCLUDE_IN_FRAMEWORK_HEADER = YES;
				CLANG_WARN_RANGE_LOOP_ANALYSIS = YES;
				CLANG_WARN_STRICT_PROTOTYPES = YES;
				CLANG_WARN_SUSPICIOUS_MOVE = YES;
				CLANG_WARN_UNGUARDED_AVAILABILITY = YES_AGGRESSIVE;
				CLANG_WARN_UNREACHABLE_CODE = YES;
				CLANG_WARN__DUPLICATE_METHOD_MATCH = YES;
				COPY_PHASE_STRIP = NO;
				DEBUG_INFORMATION_FORMAT = dwarf;
				ENABLE_STRICT_OBJC_MSGSEND = YES;
				ENABLE_TESTABILITY = YES;
				GCC_C_LANGUAGE_STANDARD = gnu11;
				GCC_DYNAMIC_NO_PIC = NO;
				GCC_NO_COMMON_BLOCKS = YES;
				GCC_OPTIMIZATION_LEVEL = 0;
				GCC_PREPROCESSOR_DEFINITIONS = (
					"DEBUG=1",
					"$(inherited)",
				);
				GCC_WARN_64_TO_32_BIT_CONVERSION = YES;
				GCC_WARN_ABOUT_RETURN_TYPE = YES_ERROR;
				GCC_WARN_UNDECLARED_SELECTOR = YES;
				GCC_WARN_UNINITIALIZED_AUTOS = YES_AGGRESSIVE;
				GCC_WARN_UNUSED_FUNCTION = YES;
				GCC_WARN_UNUSED_VARIABLE = YES;
				IPHONEOS_DEPLOYMENT_TARGET = 16.2;
				MTL_ENABLE_DEBUG_INFO = INCLUDE_SOURCE;
				MTL_FAST_MATH = YES;
				ONLY_ACTIVE_ARCH = YES;
				SDKROOT = iphoneos;
				SWIFT_ACTIVE_COMPILATION_CONDITIONS = DEBUG;
				SWIFT_OPTIMIZATION_LEVEL = "-Onone";
			};
			name = Debug;
		};
		7056D6F82F4E085200D54065 /* Release */ = {
			isa = XCBuildConfiguration;
			buildSettings = {
				ALWAYS_SEARCH_USER_PATHS = NO;
				CLANG_ANALYZER_NONNULL = YES;
				CLANG_ANALYZER_NUMBER_OBJECT_CONVERSION = YES_AGGRESSIVE;
				CLANG_CXX_LANGUAGE_STANDARD = "gnu++20";
				CLANG_ENABLE_MODULES = YES;
				CLANG_ENABLE_OBJC_ARC = YES;
				CLANG_ENABLE_OBJC_WEAK = YES;
				CLANG_WARN_BLOCK_CAPTURE_AUTORELEASING = YES;
				CLANG_WARN_BOOL_CONVERSION = YES;
				CLANG_WARN_COMMA = YES;
				CLANG_WARN_CONSTANT_CONVERSION = YES;
				CLANG_WARN_DEPRECATED_OBJC_IMPLEMENTATIONS = YES;
				CLANG_WARN_DIRECT_OBJC_ISA_USAGE = YES_ERROR;
				CLANG_WARN_DOCUMENTATION_COMMENTS = YES;
				CLANG_WARN_EMPTY_BODY = YES;
				CLANG_WARN_ENUM_CONVERSION = YES;
				CLANG_WARN_INFINITE_RECURSION = YES;
				CLANG_WARN_INT_CONVERSION = YES;
				CLANG_WARN_NON_LITERAL_NULL_CONVERSION = YES;
				CLANG_WARN_OBJC_IMPLICIT_RETAIN_SELF = YES;
				CLANG_WARN_OBJC_LITERAL_CONVERSION = YES;
				CLANG_WARN_OBJC_ROOT_CLASS = YES_ERROR;
				CLANG_WARN_QUOTED_INCLUDE_IN_FRAMEWORK_HEADER = YES;
				CLANG_WARN_RANGE_LOOP_ANALYSIS = YES;
				CLANG_WARN_STRICT_PROTOTYPES = YES;
				CLANG_WARN_SUSPICIOUS_MOVE = YES;
				CLANG_WARN_UNGUARDED_AVAILABILITY = YES_AGGRESSIVE;
				CLANG_WARN_UNREACHABLE_CODE = YES;
				CLANG_WARN__DUPLICATE_METHOD_MATCH = YES;
				COPY_PHASE_STRIP = NO;
				DEBUG_INFORMATION_FORMAT = "dwarf-with-dsym";
				ENABLE_NS_ASSERTIONS = NO;
				ENABLE_STRICT_OBJC_MSGSEND = YES;
				GCC_C_LANGUAGE_STANDARD = gnu11;
				GCC_NO_COMMON_BLOCKS = YES;
				GCC_WARN_64_TO_32_BIT_CONVERSION = YES;
				GCC_WARN_ABOUT_RETURN_TYPE = YES_ERROR;
				GCC_WARN_UNDECLARED_SELECTOR = YES;
				GCC_WARN_UNINITIALIZED_AUTOS = YES_AGGRESSIVE;
				GCC_WARN_UNUSED_FUNCTION = YES;
				GCC_WARN_UNUSED_VARIABLE = YES;
				IPHONEOS_DEPLOYMENT_TARGET = 16.2;
				MTL_ENABLE_DEBUG_INFO = NO;
				MTL_FAST_MATH = YES;
				SDKROOT = iphoneos;
				SWIFT_COMPILATION_MODE = wholemodule;
				SWIFT_OPTIMIZATION_LEVEL = "-O";
				VALIDATE_PRODUCT = YES;
			};
			name = Release;
		};
		7056D6FA2F4E085200D54065 /* Debug */ = {
			isa = XCBuildConfiguration;
			buildSettings = {
				ASSETCATALOG_COMPILER_APPICON_NAME = AppIcon;
				ASSETCATALOG_COMPILER_GLOBAL_ACCENT_COLOR_NAME = AccentColor;
				CODE_SIGN_STYLE = Automatic;
				CURRENT_PROJECT_VERSION = 1;
				GENERATE_INFOPLIST_FILE = YES;
				INFOPLIST_FILE = Spark/Info.plist;
				INFOPLIST_KEY_UIApplicationSupportsIndirectInputEvents = YES;
				INFOPLIST_KEY_UILaunchStoryboardName = LaunchScreen;
				INFOPLIST_KEY_UIMainStoryboardFile = Main;
				INFOPLIST_KEY_UISupportedInterfaceOrientations_iPad = "UIInterfaceOrientationPortrait UIInterfaceOrientationPortraitUpsideDown UIInterfaceOrientationLandscapeLeft UIInterfaceOrientationLandscapeRight";
				INFOPLIST_KEY_UISupportedInterfaceOrientations_iPhone = "UIInterfaceOrientationPortrait UIInterfaceOrientationLandscapeLeft UIInterfaceOrientationLandscapeRight";
				LD_RUNPATH_SEARCH_PATHS = (
					"$(inherited)",
					"@executable_path/Frameworks",
				);
				MARKETING_VERSION = 1.0;
				PRODUCT_BUNDLE_IDENTIFIER = tech.Spark;
				PRODUCT_NAME = "$(TARGET_NAME)";
				SWIFT_EMIT_LOC_STRINGS = YES;
				SWIFT_VERSION = 5.0;
				TARGETED_DEVICE_FAMILY = "1,2";
			};
			name = Debug;
		};
		7056D6FB2F4E085200D54065 /* Release */ = {
			isa = XCBuildConfiguration;
			buildSettings = {
				ASSETCATALOG_COMPILER_APPICON_NAME = AppIcon;
				ASSETCATALOG_COMPILER_GLOBAL_ACCENT_COLOR_NAME = AccentColor;
				CODE_SIGN_STYLE = Automatic;
				CURRENT_PROJECT_VERSION = 1;
				GENERATE_INFOPLIST_FILE = YES;
				INFOPLIST_FILE = Spark/Info.plist;
				INFOPLIST_KEY_UIApplicationSupportsIndirectInputEvents = YES;
				INFOPLIST_KEY_UILaunchStoryboardName = LaunchScreen;
				INFOPLIST_KEY_UIMainStoryboardFile = Main;
				INFOPLIST_KEY_UISupportedInterfaceOrientations_iPad = "UIInterfaceOrientationPortrait UIInterfaceOrientationPortraitUpsideDown UIInterfaceOrientationLandscapeLeft UIInterfaceOrientationLandscapeRight";
				INFOPLIST_KEY_UISupportedInterfaceOrientations_iPhone = "UIInterfaceOrientationPortrait UIInterfaceOrientationLandscapeLeft UIInterfaceOrientationLandscapeRight";
				LD_RUNPATH_SEARCH_PATHS = (
					"$(inherited)",
					"@executable_path/Frameworks",
				);
				MARKETING_VERSION = 1.0;
				PRODUCT_BUNDLE_IDENTIFIER = tech.Spark;
				PRODUCT_NAME = "$(TARGET_NAME)";
				SWIFT_EMIT_LOC_STRINGS = YES;
				SWIFT_VERSION = 5.0;
				TARGETED_DEVICE_FAMILY = "1,2";
			};
			name = Release;
		};
		7056D6FD2F4E085200D54065 /* Debug */ = {
			isa = XCBuildConfiguration;
			buildSettings = {
				ALWAYS_EMBED_SWIFT_STANDARD_LIBRARIES = YES;
				BUNDLE_LOADER = "$(TEST_HOST)";
				CODE_SIGN_STYLE = Automatic;
				CURRENT_PROJECT_VERSION = 1;
				GENERATE_INFOPLIST_FILE = YES;
				IPHONEOS_DEPLOYMENT_TARGET = 16.2;
				MARKETING_VERSION = 1.0;
				PRODUCT_BUNDLE_IDENTIFIER = tech.SparkTests;
				PRODUCT_NAME = "$(TARGET_NAME)";
				SWIFT_EMIT_LOC_STRINGS = NO;
				SWIFT_VERSION = 5.0;
				TARGETED_DEVICE_FAMILY = "1,2";
				TEST_HOST = "$(BUILT_PRODUCTS_DIR)/Spark.app/$(BUNDLE_EXECUTABLE_FOLDER_PATH)/Spark";
			};
			name = Debug;
		};
		7056D6FE2F4E085200D54065 /* Release */ = {
			isa = XCBuildConfiguration;
			buildSettings = {
				ALWAYS_EMBED_SWIFT_STANDARD_LIBRARIES = YES;
				BUNDLE_LOADER = "$(TEST_HOST)";
				CODE_SIGN_STYLE = Automatic;
				CURRENT_PROJECT_VERSION = 1;
				GENERATE_INFOPLIST_FILE = YES;
				IPHONEOS_DEPLOYMENT_TARGET = 16.2;
				MARKETING_VERSION = 1.0;
				PRODUCT_BUNDLE_IDENTIFIER = tech.SparkTests;
				PRODUCT_NAME = "$(TARGET_NAME)";
				SWIFT_EMIT_LOC_STRINGS = NO;
				SWIFT_VERSION = 5.0;
				TARGETED_DEVICE_FAMILY = "1,2";
				TEST_HOST = "$(BUILT_PRODUCTS_DIR)/Spark.app/$(BUNDLE_EXECUTABLE_FOLDER_PATH)/Spark";
			};
			name = Release;
		};
		7056D7002F4E085200D54065 /* Debug */ = {
			isa = XCBuildConfiguration;
			buildSettings = {
				ALWAYS_EMBED_SWIFT_STANDARD_LIBRARIES = YES;
				CODE_SIGN_STYLE = Automatic;
				CURRENT_PROJECT_VERSION = 1;
				GENERATE_INFOPLIST_FILE = YES;
				MARKETING_VERSION = 1.0;
				PRODUCT_BUNDLE_IDENTIFIER = tech.SparkUITests;
				PRODUCT_NAME = "$(TARGET_NAME)";
				SWIFT_EMIT_LOC_STRINGS = NO;
				SWIFT_VERSION = 5.0;
				TARGETED_DEVICE_FAMILY = "1,2";
				TEST_TARGET_NAME = Spark;
			};
			name = Debug;
		};
		7056D7012F4E085200D54065 /* Release */ = {
			isa = XCBuildConfiguration;
			buildSettings = {
				ALWAYS_EMBED_SWIFT_STANDARD_LIBRARIES = YES;
				CODE_SIGN_STYLE = Automatic;
				CURRENT_PROJECT_VERSION = 1;
				GENERATE_INFOPLIST_FILE = YES;
				MARKETING_VERSION = 1.0;
				PRODUCT_BUNDLE_IDENTIFIER = tech.SparkUITests;
				PRODUCT_NAME = "$(TARGET_NAME)";
				SWIFT_EMIT_LOC_STRINGS = NO;
				SWIFT_VERSION = 5.0;
				TARGETED_DEVICE_FAMILY = "1,2";
				TEST_TARGET_NAME = Spark;
			};
			name = Release;
		};
/* End XCBuildConfiguration section */

/* Begin XCConfigurationList section */
		7056D6CA2F4E084E00D54065 /* Build configuration list for PBXProject "Spark" */ = {
			isa = XCConfigurationList;
			buildConfigurations = (
				7056D6F72F4E085200D54065 /* Debug */,
				7056D6F82F4E085200D54065 /* Release */,
			);
			defaultConfigurationIsVisible = 0;
			defaultConfigurationName = Release;
		};
		7056D6F92F4E085200D54065 /* Build configuration list for PBXNativeTarget "Spark" */ = {
			isa = XCConfigurationList;
			buildConfigurations = (
				7056D6FA2F4E085200D54065 /* Debug */,
				7056D6FB2F4E085200D54065 /* Release */,
			);
			defaultConfigurationIsVisible = 0;
			defaultConfigurationName = Release;
		};
		7056D6FC2F4E085200D54065 /* Build configuration list for PBXNativeTarget "SparkTests" */ = {
			isa = XCConfigurationList;
			buildConfigurations = (
				7056D6FD2F4E085200D54065 /* Debug */,
				7056D6FE2F4E085200D54065 /* Release */,
			);
			defaultConfigurationIsVisible = 0;
			defaultConfigurationName = Release;
		};
		7056D6FF2F4E085200D54065 /* Build configuration list for PBXNativeTarget "SparkUITests" */ = {
			isa = XCConfigurationList;
			buildConfigurations = (
				7056D7002F4E085200D54065 /* Debug */,
				7056D7012F4E085200D54065 /* Release */,
			);
			defaultConfigurationIsVisible = 0;
			defaultConfigurationName = Release;
		};
/* End XCConfigurationList section */
	};
	rootObject = 7056D6C72F4E084E00D54065 /* Project object */;
}
